// !$*UTF8*$!
{
	archiveVersion = 1;
	classes = {
	};
	objectVersion = 56;
	objects = {

/* Begin PBXBuildFile section */
		3A770E1D2CC1C36000806BBD /* LoginScreen.swift in Sources */ = {isa = PBXBuildFile; fileRef = 3A770E1C2CC1C36000806BBD /* LoginScreen.swift */; };
		3A770E262CC1D73200806BBD /* GoogleService-Info.plist in Resources */ = {isa = PBXBuildFile; fileRef = 3A770E252CC1D73200806BBD /* GoogleService-Info.plist */; };
		3A770E292CC1D81700806BBD /* FirebaseAuth in Frameworks */ = {isa = PBXBuildFile; productRef = 3A770E282CC1D81700806BBD /* FirebaseAuth */; };
		3A770E2B2CC1D81700806BBD /* FirebaseCore in Frameworks */ = {isa = PBXBuildFile; productRef = 3A770E2A2CC1D81700806BBD /* FirebaseCore */; };
		3A770E2D2CC1D81700806BBD /* FirebaseDatabase in Frameworks */ = {isa = PBXBuildFile; productRef = 3A770E2C2CC1D81700806BBD /* FirebaseDatabase */; };
		3A770E2F2CC1D81700806BBD /* FirebaseFirestore in Frameworks */ = {isa = PBXBuildFile; productRef = 3A770E2E2CC1D81700806BBD /* FirebaseFirestore */; };
		3A770E312CC1D81700806BBD /* FirebaseStorage in Frameworks */ = {isa = PBXBuildFile; productRef = 3A770E302CC1D81700806BBD /* FirebaseStorage */; };
		3AA41EAE2CC4CBDB00D4E7BD /* AuthServices.swift in Sources */ = {isa = PBXBuildFile; fileRef = 3AA41EAD2CC4CBDB00D4E7BD /* AuthServices.swift */; };
		3AAC754C2BF36EDA008DB1D4 /* Enigma_MessengerApp.swift in Sources */ = {isa = PBXBuildFile; fileRef = 3AAC754B2BF36EDA008DB1D4 /* Enigma_MessengerApp.swift */; };
		3AAC75502BF36EDC008DB1D4 /* Assets.xcassets in Resources */ = {isa = PBXBuildFile; fileRef = 3AAC754F2BF36EDC008DB1D4 /* Assets.xcassets */; };
		3AAC75532BF36EDC008DB1D4 /* Preview Assets.xcassets in Resources */ = {isa = PBXBuildFile; fileRef = 3AAC75522BF36EDC008DB1D4 /* Preview Assets.xcassets */; };
		3AAC755D2BF36EDC008DB1D4 /* Enigma_MessengerTests.swift in Sources */ = {isa = PBXBuildFile; fileRef = 3AAC755C2BF36EDC008DB1D4 /* Enigma_MessengerTests.swift */; };
		3AAC75672BF36EDC008DB1D4 /* Enigma_MessengerUITests.swift in Sources */ = {isa = PBXBuildFile; fileRef = 3AAC75662BF36EDC008DB1D4 /* Enigma_MessengerUITests.swift */; };
		3AAC75692BF36EDC008DB1D4 /* Enigma_MessengerUITestsLaunchTests.swift in Sources */ = {isa = PBXBuildFile; fileRef = 3AAC75682BF36EDC008DB1D4 /* Enigma_MessengerUITestsLaunchTests.swift */; };
		3AAC75762BF36F1A008DB1D4 /* HomeScreen.swift in Sources */ = {isa = PBXBuildFile; fileRef = 3AAC75752BF36F1A008DB1D4 /* HomeScreen.swift */; };
		3AAC75782BF36F43008DB1D4 /* MainScreen.swift in Sources */ = {isa = PBXBuildFile; fileRef = 3AAC75772BF36F43008DB1D4 /* MainScreen.swift */; };
		3AAC757D2BF36F87008DB1D4 /* WelcomeScreen.swift in Sources */ = {isa = PBXBuildFile; fileRef = 3AAC757C2BF36F87008DB1D4 /* WelcomeScreen.swift */; };
		3AAC75812BF36FAF008DB1D4 /* EnterNameScreen.swift in Sources */ = {isa = PBXBuildFile; fileRef = 3AAC75802BF36FAF008DB1D4 /* EnterNameScreen.swift */; };
		3AAC75832BF36FE5008DB1D4 /* GenerateIDScreen.swift in Sources */ = {isa = PBXBuildFile; fileRef = 3AAC75822BF36FE5008DB1D4 /* GenerateIDScreen.swift */; };
		3AAC75852BF36FFF008DB1D4 /* EnterPINScreen.swift in Sources */ = {isa = PBXBuildFile; fileRef = 3AAC75842BF36FFF008DB1D4 /* EnterPINScreen.swift */; };
		3AAC75872BF3701C008DB1D4 /* FinalDisplayScreen.swift in Sources */ = {isa = PBXBuildFile; fileRef = 3AAC75862BF3701C008DB1D4 /* FinalDisplayScreen.swift */; };
		3AAC758C2BF371C5008DB1D4 /* SettingScreen.swift in Sources */ = {isa = PBXBuildFile; fileRef = 3AAC758B2BF371C5008DB1D4 /* SettingScreen.swift */; };
		3AAC758E2BF371CD008DB1D4 /* StatusScreen.swift in Sources */ = {isa = PBXBuildFile; fileRef = 3AAC758D2BF371CD008DB1D4 /* StatusScreen.swift */; };
		3AAC75912BF3748C008DB1D4 /* TxtFieldModifier.swift in Sources */ = {isa = PBXBuildFile; fileRef = 3AAC75902BF3748C008DB1D4 /* TxtFieldModifier.swift */; };
		3AAC75942BF376A6008DB1D4 /* StandardBtnLbl.swift in Sources */ = {isa = PBXBuildFile; fileRef = 3AAC75932BF376A6008DB1D4 /* StandardBtnLbl.swift */; };
		3AAC75962BF37A83008DB1D4 /* CONSTANTS.swift in Sources */ = {isa = PBXBuildFile; fileRef = 3AAC75952BF37A83008DB1D4 /* CONSTANTS.swift */; };
		3AAC75982BF37B91008DB1D4 /* FriendListScreen.swift in Sources */ = {isa = PBXBuildFile; fileRef = 3AAC75972BF37B91008DB1D4 /* FriendListScreen.swift */; };
		3ACC062A2CC782D800EC07A3 /* ChatScreen.swift in Sources */ = {isa = PBXBuildFile; fileRef = 3ACC06292CC782D800EC07A3 /* ChatScreen.swift */; };
		3AE8B5142D06D0D0008D6B7B /* TabScreen.swift in Sources */ = {isa = PBXBuildFile; fileRef = 3AE8B5132D06D0D0008D6B7B /* TabScreen.swift */; };
		3AE8B5162D06D757008D6B7B /* ServiceFetch.swift in Sources */ = {isa = PBXBuildFile; fileRef = 3AE8B5152D06D757008D6B7B /* ServiceFetch.swift */; };
		3AF4BA8D2BF3E1D600C9E605 /* LoadingView.swift in Sources */ = {isa = PBXBuildFile; fileRef = 3AF4BA8C2BF3E1D600C9E605 /* LoadingView.swift */; };
		3AF4BA8F2BF428DD00C9E605 /* User.swift in Sources */ = {isa = PBXBuildFile; fileRef = 3AF4BA8E2BF428DD00C9E605 /* User.swift */; };
		3AF4BA912BF428E500C9E605 /* Message.swift in Sources */ = {isa = PBXBuildFile; fileRef = 3AF4BA902BF428E500C9E605 /* Message.swift */; };
		3AF4BA932BF428FB00C9E605 /* HomeScreenViewModel.swift in Sources */ = {isa = PBXBuildFile; fileRef = 3AF4BA922BF428FB00C9E605 /* HomeScreenViewModel.swift */; };
		3AF4BA952BF4290800C9E605 /* StatusScreenViewModel.swift in Sources */ = {isa = PBXBuildFile; fileRef = 3AF4BA942BF4290800C9E605 /* StatusScreenViewModel.swift */; };
		3AF4BA972BF4291100C9E605 /* SettingScreenViewModel.swift in Sources */ = {isa = PBXBuildFile; fileRef = 3AF4BA962BF4291100C9E605 /* SettingScreenViewModel.swift */; };
/* End PBXBuildFile section */

/* Begin PBXContainerItemProxy section */
		3AAC75592BF36EDC008DB1D4 /* PBXContainerItemProxy */ = {
			isa = PBXContainerItemProxy;
			containerPortal = 3AAC75402BF36EDA008DB1D4 /* Project object */;
			proxyType = 1;
			remoteGlobalIDString = 3AAC75472BF36EDA008DB1D4;
			remoteInfo = "Enigma Messenger";
		};
		3AAC75632BF36EDC008DB1D4 /* PBXContainerItemProxy */ = {
			isa = PBXContainerItemProxy;
			containerPortal = 3AAC75402BF36EDA008DB1D4 /* Project object */;
			proxyType = 1;
			remoteGlobalIDString = 3AAC75472BF36EDA008DB1D4;
			remoteInfo = "Enigma Messenger";
		};
/* End PBXContainerItemProxy section */

/* Begin PBXFileReference section */
		3A770E1C2CC1C36000806BBD /* LoginScreen.swift */ = {isa = PBXFileReference; lastKnownFileType = sourcecode.swift; path = LoginScreen.swift; sourceTree = "<group>"; };
		3A770E252CC1D73200806BBD /* GoogleService-Info.plist */ = {isa = PBXFileReference; lastKnownFileType = text.plist.xml; path = "GoogleService-Info.plist"; sourceTree = "<group>"; };
		3AA41EAD2CC4CBDB00D4E7BD /* AuthServices.swift */ = {isa = PBXFileReference; lastKnownFileType = sourcecode.swift; path = AuthServices.swift; sourceTree = "<group>"; };
		3AAC75482BF36EDA008DB1D4 /* Enigma Messenger.app */ = {isa = PBXFileReference; explicitFileType = wrapper.application; includeInIndex = 0; path = "Enigma Messenger.app"; sourceTree = BUILT_PRODUCTS_DIR; };
		3AAC754B2BF36EDA008DB1D4 /* Enigma_MessengerApp.swift */ = {isa = PBXFileReference; lastKnownFileType = sourcecode.swift; path = Enigma_MessengerApp.swift; sourceTree = "<group>"; };
		3AAC754F2BF36EDC008DB1D4 /* Assets.xcassets */ = {isa = PBXFileReference; lastKnownFileType = folder.assetcatalog; path = Assets.xcassets; sourceTree = "<group>"; };
		3AAC75522BF36EDC008DB1D4 /* Preview Assets.xcassets */ = {isa = PBXFileReference; lastKnownFileType = folder.assetcatalog; path = "Preview Assets.xcassets"; sourceTree = "<group>"; };
		3AAC75582BF36EDC008DB1D4 /* Enigma MessengerTests.xctest */ = {isa = PBXFileReference; explicitFileType = wrapper.cfbundle; includeInIndex = 0; path = "Enigma MessengerTests.xctest"; sourceTree = BUILT_PRODUCTS_DIR; };
		3AAC755C2BF36EDC008DB1D4 /* Enigma_MessengerTests.swift */ = {isa = PBXFileReference; lastKnownFileType = sourcecode.swift; path = Enigma_MessengerTests.swift; sourceTree = "<group>"; };
		3AAC75622BF36EDC008DB1D4 /* Enigma MessengerUITests.xctest */ = {isa = PBXFileReference; explicitFileType = wrapper.cfbundle; includeInIndex = 0; path = "Enigma MessengerUITests.xctest"; sourceTree = BUILT_PRODUCTS_DIR; };
		3AAC75662BF36EDC008DB1D4 /* Enigma_MessengerUITests.swift */ = {isa = PBXFileReference; lastKnownFileType = sourcecode.swift; path = Enigma_MessengerUITests.swift; sourceTree = "<group>"; };
		3AAC75682BF36EDC008DB1D4 /* Enigma_MessengerUITestsLaunchTests.swift */ = {isa = PBXFileReference; lastKnownFileType = sourcecode.swift; path = Enigma_MessengerUITestsLaunchTests.swift; sourceTree = "<group>"; };
		3AAC75752BF36F1A008DB1D4 /* HomeScreen.swift */ = {isa = PBXFileReference; lastKnownFileType = sourcecode.swift; path = HomeScreen.swift; sourceTree = "<group>"; };
		3AAC75772BF36F43008DB1D4 /* MainScreen.swift */ = {isa = PBXFileReference; lastKnownFileType = sourcecode.swift; path = MainScreen.swift; sourceTree = "<group>"; };
		3AAC757C2BF36F87008DB1D4 /* WelcomeScreen.swift */ = {isa = PBXFileReference; lastKnownFileType = sourcecode.swift; path = WelcomeScreen.swift; sourceTree = "<group>"; };
		3AAC75802BF36FAF008DB1D4 /* EnterNameScreen.swift */ = {isa = PBXFileReference; lastKnownFileType = sourcecode.swift; path = EnterNameScreen.swift; sourceTree = "<group>"; };
		3AAC75822BF36FE5008DB1D4 /* GenerateIDScreen.swift */ = {isa = PBXFileReference; lastKnownFileType = sourcecode.swift; path = GenerateIDScreen.swift; sourceTree = "<group>"; };
		3AAC75842BF36FFF008DB1D4 /* EnterPINScreen.swift */ = {isa = PBXFileReference; lastKnownFileType = sourcecode.swift; path = EnterPINScreen.swift; sourceTree = "<group>"; };
		3AAC75862BF3701C008DB1D4 /* FinalDisplayScreen.swift */ = {isa = PBXFileReference; lastKnownFileType = sourcecode.swift; path = FinalDisplayScreen.swift; sourceTree = "<group>"; };
		3AAC758B2BF371C5008DB1D4 /* SettingScreen.swift */ = {isa = PBXFileReference; lastKnownFileType = sourcecode.swift; path = SettingScreen.swift; sourceTree = "<group>"; };
		3AAC758D2BF371CD008DB1D4 /* StatusScreen.swift */ = {isa = PBXFileReference; lastKnownFileType = sourcecode.swift; path = StatusScreen.swift; sourceTree = "<group>"; };
		3AAC75902BF3748C008DB1D4 /* TxtFieldModifier.swift */ = {isa = PBXFileReference; lastKnownFileType = sourcecode.swift; path = TxtFieldModifier.swift; sourceTree = "<group>"; };
		3AAC75932BF376A6008DB1D4 /* StandardBtnLbl.swift */ = {isa = PBXFileReference; lastKnownFileType = sourcecode.swift; path = StandardBtnLbl.swift; sourceTree = "<group>"; };
		3AAC75952BF37A83008DB1D4 /* CONSTANTS.swift */ = {isa = PBXFileReference; lastKnownFileType = sourcecode.swift; path = CONSTANTS.swift; sourceTree = "<group>"; };
		3AAC75972BF37B91008DB1D4 /* FriendListScreen.swift */ = {isa = PBXFileReference; lastKnownFileType = sourcecode.swift; path = FriendListScreen.swift; sourceTree = "<group>"; };
		3ACC06292CC782D800EC07A3 /* ChatScreen.swift */ = {isa = PBXFileReference; lastKnownFileType = sourcecode.swift; path = ChatScreen.swift; sourceTree = "<group>"; };
		3AE8B5132D06D0D0008D6B7B /* TabScreen.swift */ = {isa = PBXFileReference; lastKnownFileType = sourcecode.swift; path = TabScreen.swift; sourceTree = "<group>"; };
		3AE8B5152D06D757008D6B7B /* ServiceFetch.swift */ = {isa = PBXFileReference; lastKnownFileType = sourcecode.swift; path = ServiceFetch.swift; sourceTree = "<group>"; };
		3AF4BA8C2BF3E1D600C9E605 /* LoadingView.swift */ = {isa = PBXFileReference; lastKnownFileType = sourcecode.swift; path = LoadingView.swift; sourceTree = "<group>"; };
		3AF4BA8E2BF428DD00C9E605 /* User.swift */ = {isa = PBXFileReference; lastKnownFileType = sourcecode.swift; path = User.swift; sourceTree = "<group>"; };
		3AF4BA902BF428E500C9E605 /* Message.swift */ = {isa = PBXFileReference; lastKnownFileType = sourcecode.swift; path = Message.swift; sourceTree = "<group>"; };
		3AF4BA922BF428FB00C9E605 /* HomeScreenViewModel.swift */ = {isa = PBXFileReference; lastKnownFileType = sourcecode.swift; path = HomeScreenViewModel.swift; sourceTree = "<group>"; };
		3AF4BA942BF4290800C9E605 /* StatusScreenViewModel.swift */ = {isa = PBXFileReference; lastKnownFileType = sourcecode.swift; path = StatusScreenViewModel.swift; sourceTree = "<group>"; };
		3AF4BA962BF4291100C9E605 /* SettingScreenViewModel.swift */ = {isa = PBXFileReference; lastKnownFileType = sourcecode.swift; path = SettingScreenViewModel.swift; sourceTree = "<group>"; };
/* End PBXFileReference section */

/* Begin PBXFrameworksBuildPhase section */
		3AAC75452BF36EDA008DB1D4 /* Frameworks */ = {
			isa = PBXFrameworksBuildPhase;
			buildActionMask = 2147483647;
			files = (
				3A770E2D2CC1D81700806BBD /* FirebaseDatabase in Frameworks */,
				3A770E2F2CC1D81700806BBD /* FirebaseFirestore in Frameworks */,
				3A770E2B2CC1D81700806BBD /* FirebaseCore in Frameworks */,
				3A770E312CC1D81700806BBD /* FirebaseStorage in Frameworks */,
				3A770E292CC1D81700806BBD /* FirebaseAuth in Frameworks */,
			);
			runOnlyForDeploymentPostprocessing = 0;
		};
		3AAC75552BF36EDC008DB1D4 /* Frameworks */ = {
			isa = PBXFrameworksBuildPhase;
			buildActionMask = 2147483647;
			files = (
			);
			runOnlyForDeploymentPostprocessing = 0;
		};
		3AAC755F2BF36EDC008DB1D4 /* Frameworks */ = {
			isa = PBXFrameworksBuildPhase;
			buildActionMask = 2147483647;
			files = (
			);
			runOnlyForDeploymentPostprocessing = 0;
		};
/* End PBXFrameworksBuildPhase section */

/* Begin PBXGroup section */
		3A770E1E2CC1C66F00806BBD /* Signup */ = {
			isa = PBXGroup;
			children = (
				3AAC75802BF36FAF008DB1D4 /* EnterNameScreen.swift */,
				3AAC75822BF36FE5008DB1D4 /* GenerateIDScreen.swift */,
				3AAC75842BF36FFF008DB1D4 /* EnterPINScreen.swift */,
				3AAC75862BF3701C008DB1D4 /* FinalDisplayScreen.swift */,
			);
			path = Signup;
			sourceTree = "<group>";
		};
		3AA41EAC2CC4CBB200D4E7BD /* APIServices */ = {
			isa = PBXGroup;
			children = (
				3AA41EAD2CC4CBDB00D4E7BD /* AuthServices.swift */,
				3AE8B5152D06D757008D6B7B /* ServiceFetch.swift */,
			);
			path = APIServices;
			sourceTree = "<group>";
		};
		3AAC753F2BF36EDA008DB1D4 = {
			isa = PBXGroup;
			children = (
				3AAC754A2BF36EDA008DB1D4 /* Enigma Messenger */,
				3AAC755B2BF36EDC008DB1D4 /* Enigma MessengerTests */,
				3AAC75652BF36EDC008DB1D4 /* Enigma MessengerUITests */,
				3AAC75492BF36EDA008DB1D4 /* Products */,
			);
			sourceTree = "<group>";
		};
		3AAC75492BF36EDA008DB1D4 /* Products */ = {
			isa = PBXGroup;
			children = (
				3AAC75482BF36EDA008DB1D4 /* Enigma Messenger.app */,
				3AAC75582BF36EDC008DB1D4 /* Enigma MessengerTests.xctest */,
				3AAC75622BF36EDC008DB1D4 /* Enigma MessengerUITests.xctest */,
			);
			name = Products;
			sourceTree = "<group>";
		};
		3AAC754A2BF36EDA008DB1D4 /* Enigma Messenger */ = {
			isa = PBXGroup;
			children = (
				3AAC754B2BF36EDA008DB1D4 /* Enigma_MessengerApp.swift */,
				3AAC75772BF36F43008DB1D4 /* MainScreen.swift */,
				3AAC75882BF37116008DB1D4 /* Models */,
				3AA41EAC2CC4CBB200D4E7BD /* APIServices */,
				3AAC75892BF3711C008DB1D4 /* Views */,
				3AAC758A2BF37138008DB1D4 /* ViewModel */,
				3AAC758F2BF37479008DB1D4 /* Components */,
				3AAC75952BF37A83008DB1D4 /* CONSTANTS.swift */,
				3AAC754F2BF36EDC008DB1D4 /* Assets.xcassets */,
				3A770E252CC1D73200806BBD /* GoogleService-Info.plist */,
				3AAC75512BF36EDC008DB1D4 /* Preview Content */,
			);
			path = "Enigma Messenger";
			sourceTree = "<group>";
		};
		3AAC75512BF36EDC008DB1D4 /* Preview Content */ = {
			isa = PBXGroup;
			children = (
				3AAC75522BF36EDC008DB1D4 /* Preview Assets.xcassets */,
			);
			path = "Preview Content";
			sourceTree = "<group>";
		};
		3AAC755B2BF36EDC008DB1D4 /* Enigma MessengerTests */ = {
			isa = PBXGroup;
			children = (
				3AAC755C2BF36EDC008DB1D4 /* Enigma_MessengerTests.swift */,
			);
			path = "Enigma MessengerTests";
			sourceTree = "<group>";
		};
		3AAC75652BF36EDC008DB1D4 /* Enigma MessengerUITests */ = {
			isa = PBXGroup;
			children = (
				3AAC75662BF36EDC008DB1D4 /* Enigma_MessengerUITests.swift */,
				3AAC75682BF36EDC008DB1D4 /* Enigma_MessengerUITestsLaunchTests.swift */,
			);
			path = "Enigma MessengerUITests";
			sourceTree = "<group>";
		};
		3AAC75792BF36F46008DB1D4 /* Screens */ = {
			isa = PBXGroup;
			children = (
				3AE8B5132D06D0D0008D6B7B /* TabScreen.swift */,
				3AAC757B2BF36F73008DB1D4 /* Onboarding */,
				3AAC757A2BF36F6D008DB1D4 /* Home */,
				3AAC758D2BF371CD008DB1D4 /* StatusScreen.swift */,
				3AAC758B2BF371C5008DB1D4 /* SettingScreen.swift */,
			);
			path = Screens;
			sourceTree = "<group>";
		};
		3AAC757A2BF36F6D008DB1D4 /* Home */ = {
			isa = PBXGroup;
			children = (
				3AAC75752BF36F1A008DB1D4 /* HomeScreen.swift */,
				3ACC06292CC782D800EC07A3 /* ChatScreen.swift */,
				3AAC75972BF37B91008DB1D4 /* FriendListScreen.swift */,
			);
			path = Home;
			sourceTree = "<group>";
		};
		3AAC757B2BF36F73008DB1D4 /* Onboarding */ = {
			isa = PBXGroup;
			children = (
				3AAC757C2BF36F87008DB1D4 /* WelcomeScreen.swift */,
				3A770E1C2CC1C36000806BBD /* LoginScreen.swift */,
				3A770E1E2CC1C66F00806BBD /* Signup */,
			);
			path = Onboarding;
			sourceTree = "<group>";
		};
		3AAC75882BF37116008DB1D4 /* Models */ = {
			isa = PBXGroup;
			children = (
				3AF4BA8E2BF428DD00C9E605 /* User.swift */,
				3AF4BA902BF428E500C9E605 /* Message.swift */,
			);
			path = Models;
			sourceTree = "<group>";
		};
		3AAC75892BF3711C008DB1D4 /* Views */ = {
			isa = PBXGroup;
			children = (
				3AAC75792BF36F46008DB1D4 /* Screens */,
			);
			path = Views;
			sourceTree = "<group>";
		};
		3AAC758A2BF37138008DB1D4 /* ViewModel */ = {
			isa = PBXGroup;
			children = (
				3AF4BA922BF428FB00C9E605 /* HomeScreenViewModel.swift */,
				3AF4BA942BF4290800C9E605 /* StatusScreenViewModel.swift */,
				3AF4BA962BF4291100C9E605 /* SettingScreenViewModel.swift */,
			);
			path = ViewModel;
			sourceTree = "<group>";
		};
		3AAC758F2BF37479008DB1D4 /* Components */ = {
			isa = PBXGroup;
			children = (
				3AAC75902BF3748C008DB1D4 /* TxtFieldModifier.swift */,
				3AAC75932BF376A6008DB1D4 /* StandardBtnLbl.swift */,
				3AF4BA8C2BF3E1D600C9E605 /* LoadingView.swift */,
			);
			path = Components;
			sourceTree = "<group>";
		};
/* End PBXGroup section */

/* Begin PBXNativeTarget section */
		3AAC75472BF36EDA008DB1D4 /* Enigma Messenger */ = {
			isa = PBXNativeTarget;
			buildConfigurationList = 3AAC756C2BF36EDC008DB1D4 /* Build configuration list for PBXNativeTarget "Enigma Messenger" */;
			buildPhases = (
				3AAC75442BF36EDA008DB1D4 /* Sources */,
				3AAC75452BF36EDA008DB1D4 /* Frameworks */,
				3AAC75462BF36EDA008DB1D4 /* Resources */,
			);
			buildRules = (
			);
			dependencies = (
			);
			name = "Enigma Messenger";
			productName = "Enigma Messenger";
			productReference = 3AAC75482BF36EDA008DB1D4 /* Enigma Messenger.app */;
			productType = "com.apple.product-type.application";
		};
		3AAC75572BF36EDC008DB1D4 /* Enigma MessengerTests */ = {
			isa = PBXNativeTarget;
			buildConfigurationList = 3AAC756F2BF36EDC008DB1D4 /* Build configuration list for PBXNativeTarget "Enigma MessengerTests" */;
			buildPhases = (
				3AAC75542BF36EDC008DB1D4 /* Sources */,
				3AAC75552BF36EDC008DB1D4 /* Frameworks */,
				3AAC75562BF36EDC008DB1D4 /* Resources */,
			);
			buildRules = (
			);
			dependencies = (
				3AAC755A2BF36EDC008DB1D4 /* PBXTargetDependency */,
			);
			name = "Enigma MessengerTests";
			productName = "Enigma MessengerTests";
			productReference = 3AAC75582BF36EDC008DB1D4 /* Enigma MessengerTests.xctest */;
			productType = "com.apple.product-type.bundle.unit-test";
		};
		3AAC75612BF36EDC008DB1D4 /* Enigma MessengerUITests */ = {
			isa = PBXNativeTarget;
			buildConfigurationList = 3AAC75722BF36EDC008DB1D4 /* Build configuration list for PBXNativeTarget "Enigma MessengerUITests" */;
			buildPhases = (
				3AAC755E2BF36EDC008DB1D4 /* Sources */,
				3AAC755F2BF36EDC008DB1D4 /* Frameworks */,
				3AAC75602BF36EDC008DB1D4 /* Resources */,
			);
			buildRules = (
			);
			dependencies = (
				3AAC75642BF36EDC008DB1D4 /* PBXTargetDependency */,
			);
			name = "Enigma MessengerUITests";
			productName = "Enigma MessengerUITests";
			productReference = 3AAC75622BF36EDC008DB1D4 /* Enigma MessengerUITests.xctest */;
			productType = "com.apple.product-type.bundle.ui-testing";
		};
/* End PBXNativeTarget section */

/* Begin PBXProject section */
		3AAC75402BF36EDA008DB1D4 /* Project object */ = {
			isa = PBXProject;
			attributes = {
				BuildIndependentTargetsInParallel = 1;
				LastSwiftUpdateCheck = 1530;
				LastUpgradeCheck = 1600;
				TargetAttributes = {
					3AAC75472BF36EDA008DB1D4 = {
						CreatedOnToolsVersion = 15.3;
					};
					3AAC75572BF36EDC008DB1D4 = {
						CreatedOnToolsVersion = 15.3;
						TestTargetID = 3AAC75472BF36EDA008DB1D4;
					};
					3AAC75612BF36EDC008DB1D4 = {
						CreatedOnToolsVersion = 15.3;
						TestTargetID = 3AAC75472BF36EDA008DB1D4;
					};
				};
			};
			buildConfigurationList = 3AAC75432BF36EDA008DB1D4 /* Build configuration list for PBXProject "Enigma Messenger" */;
			compatibilityVersion = "Xcode 14.0";
			developmentRegion = en;
			hasScannedForEncodings = 0;
			knownRegions = (
				en,
				Base,
			);
			mainGroup = 3AAC753F2BF36EDA008DB1D4;
			packageReferences = (
				3A770E272CC1D81700806BBD /* XCRemoteSwiftPackageReference "firebase-ios-sdk" */,
			);
			productRefGroup = 3AAC75492BF36EDA008DB1D4 /* Products */;
			projectDirPath = "";
			projectRoot = "";
			targets = (
				3AAC75472BF36EDA008DB1D4 /* Enigma Messenger */,
				3AAC75572BF36EDC008DB1D4 /* Enigma MessengerTests */,
				3AAC75612BF36EDC008DB1D4 /* Enigma MessengerUITests */,
			);
		};
/* End PBXProject section */

/* Begin PBXResourcesBuildPhase section */
		3AAC75462BF36EDA008DB1D4 /* Resources */ = {
			isa = PBXResourcesBuildPhase;
			buildActionMask = 2147483647;
			files = (
				3AAC75532BF36EDC008DB1D4 /* Preview Assets.xcassets in Resources */,
				3AAC75502BF36EDC008DB1D4 /* Assets.xcassets in Resources */,
				3A770E262CC1D73200806BBD /* GoogleService-Info.plist in Resources */,
			);
			runOnlyForDeploymentPostprocessing = 0;
		};
		3AAC75562BF36EDC008DB1D4 /* Resources */ = {
			isa = PBXResourcesBuildPhase;
			buildActionMask = 2147483647;
			files = (
			);
			runOnlyForDeploymentPostprocessing = 0;
		};
		3AAC75602BF36EDC008DB1D4 /* Resources */ = {
			isa = PBXResourcesBuildPhase;
			buildActionMask = 2147483647;
			files = (
			);
			runOnlyForDeploymentPostprocessing = 0;
		};
/* End PBXResourcesBuildPhase section */

/* Begin PBXSourcesBuildPhase section */
		3AAC75442BF36EDA008DB1D4 /* Sources */ = {
			isa = PBXSourcesBuildPhase;
			buildActionMask = 2147483647;
			files = (
				3AAC754C2BF36EDA008DB1D4 /* Enigma_MessengerApp.swift in Sources */,
				3AF4BA932BF428FB00C9E605 /* HomeScreenViewModel.swift in Sources */,
				3AAC75852BF36FFF008DB1D4 /* EnterPINScreen.swift in Sources */,
				3AAC75762BF36F1A008DB1D4 /* HomeScreen.swift in Sources */,
				3AF4BA912BF428E500C9E605 /* Message.swift in Sources */,
				3AAC758C2BF371C5008DB1D4 /* SettingScreen.swift in Sources */,
				3AF4BA8F2BF428DD00C9E605 /* User.swift in Sources */,
				3AF4BA952BF4290800C9E605 /* StatusScreenViewModel.swift in Sources */,
				3AAC75872BF3701C008DB1D4 /* FinalDisplayScreen.swift in Sources */,
				3AF4BA972BF4291100C9E605 /* SettingScreenViewModel.swift in Sources */,
				3AAC75832BF36FE5008DB1D4 /* GenerateIDScreen.swift in Sources */,
				3A770E1D2CC1C36000806BBD /* LoginScreen.swift in Sources */,
				3AAC75962BF37A83008DB1D4 /* CONSTANTS.swift in Sources */,
				3AAC75982BF37B91008DB1D4 /* FriendListScreen.swift in Sources */,
				3AF4BA8D2BF3E1D600C9E605 /* LoadingView.swift in Sources */,
				3AAC757D2BF36F87008DB1D4 /* WelcomeScreen.swift in Sources */,
				3AAC75782BF36F43008DB1D4 /* MainScreen.swift in Sources */,
				3AE8B5142D06D0D0008D6B7B /* TabScreen.swift in Sources */,
				3AAC75942BF376A6008DB1D4 /* StandardBtnLbl.swift in Sources */,
				3AE8B5162D06D757008D6B7B /* ServiceFetch.swift in Sources */,
				3ACC062A2CC782D800EC07A3 /* ChatScreen.swift in Sources */,
				3AAC75812BF36FAF008DB1D4 /* EnterNameScreen.swift in Sources */,
				3AAC758E2BF371CD008DB1D4 /* StatusScreen.swift in Sources */,
				3AAC75912BF3748C008DB1D4 /* TxtFieldModifier.swift in Sources */,
				3AA41EAE2CC4CBDB00D4E7BD /* AuthServices.swift in Sources */,
			);
			runOnlyForDeploymentPostprocessing = 0;
		};
		3AAC75542BF36EDC008DB1D4 /* Sources */ = {
			isa = PBXSourcesBuildPhase;
			buildActionMask = 2147483647;
			files = (
				3AAC755D2BF36EDC008DB1D4 /* Enigma_MessengerTests.swift in Sources */,
			);
			runOnlyForDeploymentPostprocessing = 0;
		};
		3AAC755E2BF36EDC008DB1D4 /* Sources */ = {
			isa = PBXSourcesBuildPhase;
			buildActionMask = 2147483647;
			files = (
				3AAC75672BF36EDC008DB1D4 /* Enigma_MessengerUITests.swift in Sources */,
				3AAC75692BF36EDC008DB1D4 /* Enigma_MessengerUITestsLaunchTests.swift in Sources */,
			);
			runOnlyForDeploymentPostprocessing = 0;
		};
/* End PBXSourcesBuildPhase section */

/* Begin PBXTargetDependency section */
		3AAC755A2BF36EDC008DB1D4 /* PBXTargetDependency */ = {
			isa = PBXTargetDependency;
			target = 3AAC75472BF36EDA008DB1D4 /* Enigma Messenger */;
			targetProxy = 3AAC75592BF36EDC008DB1D4 /* PBXContainerItemProxy */;
		};
		3AAC75642BF36EDC008DB1D4 /* PBXTargetDependency */ = {
			isa = PBXTargetDependency;
			target = 3AAC75472BF36EDA008DB1D4 /* Enigma Messenger */;
			targetProxy = 3AAC75632BF36EDC008DB1D4 /* PBXContainerItemProxy */;
		};
/* End PBXTargetDependency section */

/* Begin XCBuildConfiguration section */
		3AAC756A2BF36EDC008DB1D4 /* Debug */ = {
			isa = XCBuildConfiguration;
			buildSettings = {
				ALWAYS_SEARCH_USER_PATHS = NO;
				ASSETCATALOG_COMPILER_GENERATE_SWIFT_ASSET_SYMBOL_EXTENSIONS = YES;
				CLANG_ANALYZER_NONNULL = YES;
				CLANG_ANALYZER_NUMBER_OBJECT_CONVERSION = YES_AGGRESSIVE;
				CLANG_CXX_LANGUAGE_STANDARD = "gnu++20";
				CLANG_ENABLE_MODULES = YES;
				CLANG_ENABLE_OBJC_ARC = YES;
				CLANG_ENABLE_OBJC_WEAK = YES;
				CLANG_WARN_BLOCK_CAPTURE_AUTORELEASING = YES;
				CLANG_WARN_BOOL_CONVERSION = YES;
				CLANG_WARN_COMMA = YES;
				CLANG_WARN_CONSTANT_CONVERSION = YES;
				CLANG_WARN_DEPRECATED_OBJC_IMPLEMENTATIONS = YES;
				CLANG_WARN_DIRECT_OBJC_ISA_USAGE = YES_ERROR;
				CLANG_WARN_DOCUMENTATION_COMMENTS = YES;
				CLANG_WARN_EMPTY_BODY = YES;
				CLANG_WARN_ENUM_CONVERSION = YES;
				CLANG_WARN_INFINITE_RECURSION = YES;
				CLANG_WARN_INT_CONVERSION = YES;
				CLANG_WARN_NON_LITERAL_NULL_CONVERSION = YES;
				CLANG_WARN_OBJC_IMPLICIT_RETAIN_SELF = YES;
				CLANG_WARN_OBJC_LITERAL_CONVERSION = YES;
				CLANG_WARN_OBJC_ROOT_CLASS = YES_ERROR;
				CLANG_WARN_QUOTED_INCLUDE_IN_FRAMEWORK_HEADER = YES;
				CLANG_WARN_RANGE_LOOP_ANALYSIS = YES;
				CLANG_WARN_STRICT_PROTOTYPES = YES;
				CLANG_WARN_SUSPICIOUS_MOVE = YES;
				CLANG_WARN_UNGUARDED_AVAILABILITY = YES_AGGRESSIVE;
				CLANG_WARN_UNREACHABLE_CODE = YES;
				CLANG_WARN__DUPLICATE_METHOD_MATCH = YES;
				COPY_PHASE_STRIP = NO;
				DEBUG_INFORMATION_FORMAT = dwarf;
				ENABLE_STRICT_OBJC_MSGSEND = YES;
				ENABLE_TESTABILITY = YES;
				ENABLE_USER_SCRIPT_SANDBOXING = YES;
				GCC_C_LANGUAGE_STANDARD = gnu17;
				GCC_DYNAMIC_NO_PIC = NO;
				GCC_NO_COMMON_BLOCKS = YES;
				GCC_OPTIMIZATION_LEVEL = 0;
				GCC_PREPROCESSOR_DEFINITIONS = (
					"DEBUG=1",
					"$(inherited)",
				);
				GCC_WARN_64_TO_32_BIT_CONVERSION = YES;
				GCC_WARN_ABOUT_RETURN_TYPE = YES_ERROR;
				GCC_WARN_UNDECLARED_SELECTOR = YES;
				GCC_WARN_UNINITIALIZED_AUTOS = YES_AGGRESSIVE;
				GCC_WARN_UNUSED_FUNCTION = YES;
				GCC_WARN_UNUSED_VARIABLE = YES;
				IPHONEOS_DEPLOYMENT_TARGET = 17.4;
				LOCALIZATION_PREFERS_STRING_CATALOGS = YES;
				MTL_ENABLE_DEBUG_INFO = INCLUDE_SOURCE;
				MTL_FAST_MATH = YES;
				ONLY_ACTIVE_ARCH = YES;
				SDKROOT = iphoneos;
				SWIFT_ACTIVE_COMPILATION_CONDITIONS = "DEBUG $(inherited)";
				SWIFT_OPTIMIZATION_LEVEL = "-Onone";
			};
			name = Debug;
		};
		3AAC756B2BF36EDC008DB1D4 /* Release */ = {
			isa = XCBuildConfiguration;
			buildSettings = {
				ALWAYS_SEARCH_USER_PATHS = NO;
				ASSETCATALOG_COMPILER_GENERATE_SWIFT_ASSET_SYMBOL_EXTENSIONS = YES;
				CLANG_ANALYZER_NONNULL = YES;
				CLANG_ANALYZER_NUMBER_OBJECT_CONVERSION = YES_AGGRESSIVE;
				CLANG_CXX_LANGUAGE_STANDARD = "gnu++20";
				CLANG_ENABLE_MODULES = YES;
				CLANG_ENABLE_OBJC_ARC = YES;
				CLANG_ENABLE_OBJC_WEAK = YES;
				CLANG_WARN_BLOCK_CAPTURE_AUTORELEASING = YES;
				CLANG_WARN_BOOL_CONVERSION = YES;
				CLANG_WARN_COMMA = YES;
				CLANG_WARN_CONSTANT_CONVERSION = YES;
				CLANG_WARN_DEPRECATED_OBJC_IMPLEMENTATIONS = YES;
				CLANG_WARN_DIRECT_OBJC_ISA_USAGE = YES_ERROR;
				CLANG_WARN_DOCUMENTATION_COMMENTS = YES;
				CLANG_WARN_EMPTY_BODY = YES;
				CLANG_WARN_ENUM_CONVERSION = YES;
				CLANG_WARN_INFINITE_RECURSION = YES;
				CLANG_WARN_INT_CONVERSION = YES;
				CLANG_WARN_NON_LITERAL_NULL_CONVERSION = YES;
				CLANG_WARN_OBJC_IMPLICIT_RETAIN_SELF = YES;
				CLANG_WARN_OBJC_LITERAL_CONVERSION = YES;
				CLANG_WARN_OBJC_ROOT_CLASS = YES_ERROR;
				CLANG_WARN_QUOTED_INCLUDE_IN_FRAMEWORK_HEADER = YES;
				CLANG_WARN_RANGE_LOOP_ANALYSIS = YES;
				CLANG_WARN_STRICT_PROTOTYPES = YES;
				CLANG_WARN_SUSPICIOUS_MOVE = YES;
				CLANG_WARN_UNGUARDED_AVAILABILITY = YES_AGGRESSIVE;
				CLANG_WARN_UNREACHABLE_CODE = YES;
				CLANG_WARN__DUPLICATE_METHOD_MATCH = YES;
				COPY_PHASE_STRIP = NO;
				DEBUG_INFORMATION_FORMAT = "dwarf-with-dsym";
				ENABLE_NS_ASSERTIONS = NO;
				ENABLE_STRICT_OBJC_MSGSEND = YES;
				ENABLE_USER_SCRIPT_SANDBOXING = YES;
				GCC_C_LANGUAGE_STANDARD = gnu17;
				GCC_NO_COMMON_BLOCKS = YES;
				GCC_WARN_64_TO_32_BIT_CONVERSION = YES;
				GCC_WARN_ABOUT_RETURN_TYPE = YES_ERROR;
				GCC_WARN_UNDECLARED_SELECTOR = YES;
				GCC_WARN_UNINITIALIZED_AUTOS = YES_AGGRESSIVE;
				GCC_WARN_UNUSED_FUNCTION = YES;
				GCC_WARN_UNUSED_VARIABLE = YES;
				IPHONEOS_DEPLOYMENT_TARGET = 17.4;
				LOCALIZATION_PREFERS_STRING_CATALOGS = YES;
				MTL_ENABLE_DEBUG_INFO = NO;
				MTL_FAST_MATH = YES;
				SDKROOT = iphoneos;
				SWIFT_COMPILATION_MODE = wholemodule;
				VALIDATE_PRODUCT = YES;
			};
			name = Release;
		};
		3AAC756D2BF36EDC008DB1D4 /* Debug */ = {
			isa = XCBuildConfiguration;
			buildSettings = {
				ASSETCATALOG_COMPILER_APPICON_NAME = AppIcon;
				ASSETCATALOG_COMPILER_GLOBAL_ACCENT_COLOR_NAME = AccentColor;
				CODE_SIGN_STYLE = Automatic;
				CURRENT_PROJECT_VERSION = 1;
				DEVELOPMENT_ASSET_PATHS = "\"Enigma Messenger/Preview Content\"";
				DEVELOPMENT_TEAM = MW9LW989JF;
				ENABLE_PREVIEWS = YES;
				GENERATE_INFOPLIST_FILE = YES;
				INFOPLIST_KEY_CFBundleDisplayName = "Enigma Messenger";
				INFOPLIST_KEY_UIApplicationSceneManifest_Generation = YES;
				INFOPLIST_KEY_UIApplicationSupportsIndirectInputEvents = YES;
				INFOPLIST_KEY_UILaunchScreen_Generation = YES;
				INFOPLIST_KEY_UISupportedInterfaceOrientations_iPad = "UIInterfaceOrientationPortrait UIInterfaceOrientationPortraitUpsideDown UIInterfaceOrientationLandscapeLeft UIInterfaceOrientationLandscapeRight";
				INFOPLIST_KEY_UISupportedInterfaceOrientations_iPhone = "UIInterfaceOrientationPortrait UIInterfaceOrientationLandscapeLeft UIInterfaceOrientationLandscapeRight";
				LD_RUNPATH_SEARCH_PATHS = (
					"$(inherited)",
					"@executable_path/Frameworks",
				);
				MARKETING_VERSION = 1.0;
				PRODUCT_BUNDLE_IDENTIFIER = "com.EnigmaMessenger.app.Enigma-Messenger";
				PRODUCT_NAME = "$(TARGET_NAME)";
				SWIFT_EMIT_LOC_STRINGS = YES;
				SWIFT_VERSION = 5.0;
				TARGETED_DEVICE_FAMILY = "1,2";
			};
			name = Debug;
		};
		3AAC756E2BF36EDC008DB1D4 /* Release */ = {
			isa = XCBuildConfiguration;
			buildSettings = {
				ASSETCATALOG_COMPILER_APPICON_NAME = AppIcon;
				ASSETCATALOG_COMPILER_GLOBAL_ACCENT_COLOR_NAME = AccentColor;
				CODE_SIGN_STYLE = Automatic;
				CURRENT_PROJECT_VERSION = 1;
				DEVELOPMENT_ASSET_PATHS = "\"Enigma Messenger/Preview Content\"";
				DEVELOPMENT_TEAM = MW9LW989JF;
				ENABLE_PREVIEWS = YES;
				GENERATE_INFOPLIST_FILE = YES;
				INFOPLIST_KEY_CFBundleDisplayName = "Enigma Messenger";
				INFOPLIST_KEY_UIApplicationSceneManifest_Generation = YES;
				INFOPLIST_KEY_UIApplicationSupportsIndirectInputEvents = YES;
				INFOPLIST_KEY_UILaunchScreen_Generation = YES;
				INFOPLIST_KEY_UISupportedInterfaceOrientations_iPad = "UIInterfaceOrientationPortrait UIInterfaceOrientationPortraitUpsideDown UIInterfaceOrientationLandscapeLeft UIInterfaceOrientationLandscapeRight";
				INFOPLIST_KEY_UISupportedInterfaceOrientations_iPhone = "UIInterfaceOrientationPortrait UIInterfaceOrientationLandscapeLeft UIInterfaceOrientationLandscapeRight";
				LD_RUNPATH_SEARCH_PATHS = (
					"$(inherited)",
					"@executable_path/Frameworks",
				);
				MARKETING_VERSION = 1.0;
				PRODUCT_BUNDLE_IDENTIFIER = "com.EnigmaMessenger.app.Enigma-Messenger";
				PRODUCT_NAME = "$(TARGET_NAME)";
				SWIFT_EMIT_LOC_STRINGS = YES;
				SWIFT_VERSION = 5.0;
				TARGETED_DEVICE_FAMILY = "1,2";
			};
			name = Release;
		};
		3AAC75702BF36EDC008DB1D4 /* Debug */ = {
			isa = XCBuildConfiguration;
			buildSettings = {
				BUNDLE_LOADER = "$(TEST_HOST)";
				CODE_SIGN_STYLE = Automatic;
				CURRENT_PROJECT_VERSION = 1;
				DEVELOPMENT_TEAM = 7Q54M9F3YT;
				GENERATE_INFOPLIST_FILE = YES;
				IPHONEOS_DEPLOYMENT_TARGET = 17.4;
				MARKETING_VERSION = 1.0;
				PRODUCT_BUNDLE_IDENTIFIER = "com.EnigmaMessenger.app.Enigma-MessengerTests";
				PRODUCT_NAME = "$(TARGET_NAME)";
				SWIFT_EMIT_LOC_STRINGS = NO;
				SWIFT_VERSION = 5.0;
				TARGETED_DEVICE_FAMILY = "1,2";
				TEST_HOST = "$(BUILT_PRODUCTS_DIR)/Enigma Messenger.app/$(BUNDLE_EXECUTABLE_FOLDER_PATH)/Enigma Messenger";
			};
			name = Debug;
		};
		3AAC75712BF36EDC008DB1D4 /* Release */ = {
			isa = XCBuildConfiguration;
			buildSettings = {
				BUNDLE_LOADER = "$(TEST_HOST)";
				CODE_SIGN_STYLE = Automatic;
				CURRENT_PROJECT_VERSION = 1;
				DEVELOPMENT_TEAM = 7Q54M9F3YT;
				GENERATE_INFOPLIST_FILE = YES;
				IPHONEOS_DEPLOYMENT_TARGET = 17.4;
				MARKETING_VERSION = 1.0;
				PRODUCT_BUNDLE_IDENTIFIER = "com.EnigmaMessenger.app.Enigma-MessengerTests";
				PRODUCT_NAME = "$(TARGET_NAME)";
				SWIFT_EMIT_LOC_STRINGS = NO;
				SWIFT_VERSION = 5.0;
				TARGETED_DEVICE_FAMILY = "1,2";
				TEST_HOST = "$(BUILT_PRODUCTS_DIR)/Enigma Messenger.app/$(BUNDLE_EXECUTABLE_FOLDER_PATH)/Enigma Messenger";
			};
			name = Release;
		};
		3AAC75732BF36EDC008DB1D4 /* Debug */ = {
			isa = XCBuildConfiguration;
			buildSettings = {
				CODE_SIGN_STYLE = Automatic;
				CURRENT_PROJECT_VERSION = 1;
				DEVELOPMENT_TEAM = 7Q54M9F3YT;
				GENERATE_INFOPLIST_FILE = YES;
				MARKETING_VERSION = 1.0;
				PRODUCT_BUNDLE_IDENTIFIER = "com.EnigmaMessenger.app.Enigma-MessengerUITests";
				PRODUCT_NAME = "$(TARGET_NAME)";
				SWIFT_EMIT_LOC_STRINGS = NO;
				SWIFT_VERSION = 5.0;
				TARGETED_DEVICE_FAMILY = "1,2";
				TEST_TARGET_NAME = "Enigma Messenger";
			};
			name = Debug;
		};
		3AAC75742BF36EDC008DB1D4 /* Release */ = {
			isa = XCBuildConfiguration;
			buildSettings = {
				CODE_SIGN_STYLE = Automatic;
				CURRENT_PROJECT_VERSION = 1;
				DEVELOPMENT_TEAM = 7Q54M9F3YT;
				GENERATE_INFOPLIST_FILE = YES;
				MARKETING_VERSION = 1.0;
				PRODUCT_BUNDLE_IDENTIFIER = "com.EnigmaMessenger.app.Enigma-MessengerUITests";
				PRODUCT_NAME = "$(TARGET_NAME)";
				SWIFT_EMIT_LOC_STRINGS = NO;
				SWIFT_VERSION = 5.0;
				TARGETED_DEVICE_FAMILY = "1,2";
				TEST_TARGET_NAME = "Enigma Messenger";
			};
			name = Release;
		};
/* End XCBuildConfiguration section */

/* Begin XCConfigurationList section */
		3AAC75432BF36EDA008DB1D4 /* Build configuration list for PBXProject "Enigma Messenger" */ = {
			isa = XCConfigurationList;
			buildConfigurations = (
				3AAC756A2BF36EDC008DB1D4 /* Debug */,
				3AAC756B2BF36EDC008DB1D4 /* Release */,
			);
			defaultConfigurationIsVisible = 0;
			defaultConfigurationName = Release;
		};
		3AAC756C2BF36EDC008DB1D4 /* Build configuration list for PBXNativeTarget "Enigma Messenger" */ = {
			isa = XCConfigurationList;
			buildConfigurations = (
				3AAC756D2BF36EDC008DB1D4 /* Debug */,
				3AAC756E2BF36EDC008DB1D4 /* Release */,
			);
			defaultConfigurationIsVisible = 0;
			defaultConfigurationName = Release;
		};
		3AAC756F2BF36EDC008DB1D4 /* Build configuration list for PBXNativeTarget "Enigma MessengerTests" */ = {
			isa = XCConfigurationList;
			buildConfigurations = (
				3AAC75702BF36EDC008DB1D4 /* Debug */,
				3AAC75712BF36EDC008DB1D4 /* Release */,
			);
			defaultConfigurationIsVisible = 0;
			defaultConfigurationName = Release;
		};
		3AAC75722BF36EDC008DB1D4 /* Build configuration list for PBXNativeTarget "Enigma MessengerUITests" */ = {
			isa = XCConfigurationList;
			buildConfigurations = (
				3AAC75732BF36EDC008DB1D4 /* Debug */,
				3AAC75742BF36EDC008DB1D4 /* Release */,
			);
			defaultConfigurationIsVisible = 0;
			defaultConfigurationName = Release;
		};
/* End XCConfigurationList section */

/* Begin XCRemoteSwiftPackageReference section */
		3A770E272CC1D81700806BBD /* XCRemoteSwiftPackageReference "firebase-ios-sdk" */ = {
			isa = XCRemoteSwiftPackageReference;
			repositoryURL = "https://github.com/firebase/firebase-ios-sdk";
			requirement = {
				kind = upToNextMajorVersion;
				minimumVersion = 11.3.0;
			};
		};
/* End XCRemoteSwiftPackageReference section */

/* Begin XCSwiftPackageProductDependency section */
		3A770E282CC1D81700806BBD /* FirebaseAuth */ = {
			isa = XCSwiftPackageProductDependency;
			package = 3A770E272CC1D81700806BBD /* XCRemoteSwiftPackageReference "firebase-ios-sdk" */;
			productName = FirebaseAuth;
		};
		3A770E2A2CC1D81700806BBD /* FirebaseCore */ = {
			isa = XCSwiftPackageProductDependency;
			package = 3A770E272CC1D81700806BBD /* XCRemoteSwiftPackageReference "firebase-ios-sdk" */;
			productName = FirebaseCore;
		};
		3A770E2C2CC1D81700806BBD /* FirebaseDatabase */ = {
			isa = XCSwiftPackageProductDependency;
			package = 3A770E272CC1D81700806BBD /* XCRemoteSwiftPackageReference "firebase-ios-sdk" */;
			productName = FirebaseDatabase;
		};
		3A770E2E2CC1D81700806BBD /* FirebaseFirestore */ = {
			isa = XCSwiftPackageProductDependency;
			package = 3A770E272CC1D81700806BBD /* XCRemoteSwiftPackageReference "firebase-ios-sdk" */;
			productName = FirebaseFirestore;
		};
		3A770E302CC1D81700806BBD /* FirebaseStorage */ = {
			isa = XCSwiftPackageProductDependency;
			package = 3A770E272CC1D81700806BBD /* XCRemoteSwiftPackageReference "firebase-ios-sdk" */;
			productName = FirebaseStorage;
		};
/* End XCSwiftPackageProductDependency section */
	};
	rootObject = 3AAC75402BF36EDA008DB1D4 /* Project object */;
}
